// !$*UTF8*$!
{
	archiveVersion = 1;
	classes = {
	};
	objectVersion = 46;
	objects = {

/* Begin PBXBuildFile section */
		D1FD18051BABFF7B00F89EA0 /* main.m in Sources */ = {isa = PBXBuildFile; fileRef = D1FD18041BABFF7B00F89EA0 /* main.m */; };
		D1FD18081BABFF7B00F89EA0 /* AppDelegate.m in Sources */ = {isa = PBXBuildFile; fileRef = D1FD18071BABFF7B00F89EA0 /* AppDelegate.m */; };
		D1FD180B1BABFF7B00F89EA0 /* ViewController.m in Sources */ = {isa = PBXBuildFile; fileRef = D1FD180A1BABFF7B00F89EA0 /* ViewController.m */; };
		D1FD180E1BABFF7B00F89EA0 /* Main.storyboard in Resources */ = {isa = PBXBuildFile; fileRef = D1FD180C1BABFF7B00F89EA0 /* Main.storyboard */; };
		D1FD18101BABFF7B00F89EA0 /* Images.xcassets in Resources */ = {isa = PBXBuildFile; fileRef = D1FD180F1BABFF7B00F89EA0 /* Images.xcassets */; };
		D1FD18131BABFF7B00F89EA0 /* LaunchScreen.xib in Resources */ = {isa = PBXBuildFile; fileRef = D1FD18111BABFF7B00F89EA0 /* LaunchScreen.xib */; };
		D1FD181F1BABFF7B00F89EA0 /* AJsimpleParallaxTests.m in Sources */ = {isa = PBXBuildFile; fileRef = D1FD181E1BABFF7B00F89EA0 /* AJsimpleParallaxTests.m */; };
		D1FD182F1BAC035900F89EA0 /* AJsimpleParallax.m in Sources */ = {isa = PBXBuildFile; fileRef = D1FD182E1BAC035900F89EA0 /* AJsimpleParallax.m */; };
		D1FD18311BAC083800F89EA0 /* cat.png in Resources */ = {isa = PBXBuildFile; fileRef = D1FD18301BAC083800F89EA0 /* cat.png */; };
/* End PBXBuildFile section */

/* Begin PBXContainerItemProxy section */
		D1FD18191BABFF7B00F89EA0 /* PBXContainerItemProxy */ = {
			isa = PBXContainerItemProxy;
			containerPortal = D1FD17F71BABFF7B00F89EA0 /* Project object */;
			proxyType = 1;
			remoteGlobalIDString = D1FD17FE1BABFF7B00F89EA0;
			remoteInfo = AJsimpleParallax;
		};
/* End PBXContainerItemProxy section */

/* Begin PBXFileReference section */
		D1FD17FF1BABFF7B00F89EA0 /* AJsimpleParallax.app */ = {isa = PBXFileReference; explicitFileType = wrapper.application; includeInIndex = 0; path = AJsimpleParallax.app; sourceTree = BUILT_PRODUCTS_DIR; };
		D1FD18031BABFF7B00F89EA0 /* Info.plist */ = {isa = PBXFileReference; lastKnownFileType = text.plist.xml; path = Info.plist; sourceTree = "<group>"; };
		D1FD18041BABFF7B00F89EA0 /* main.m */ = {isa = PBXFileReference; lastKnownFileType = sourcecode.c.objc; path = main.m; sourceTree = "<group>"; };
		D1FD18061BABFF7B00F89EA0 /* AppDelegate.h */ = {isa = PBXFileReference; lastKnownFileType = sourcecode.c.h; path = AppDelegate.h; sourceTree = "<group>"; };
		D1FD18071BABFF7B00F89EA0 /* AppDelegate.m */ = {isa = PBXFileReference; lastKnownFileType = sourcecode.c.objc; path = AppDelegate.m; sourceTree = "<group>"; };
		D1FD18091BABFF7B00F89EA0 /* ViewController.h */ = {isa = PBXFileReference; lastKnownFileType = sourcecode.c.h; path = ViewController.h; sourceTree = "<group>"; };
		D1FD180A1BABFF7B00F89EA0 /* ViewController.m */ = {isa = PBXFileReference; lastKnownFileType = sourcecode.c.objc; path = ViewController.m; sourceTree = "<group>"; };
		D1FD180D1BABFF7B00F89EA0 /* Base */ = {isa = PBXFileReference; lastKnownFileType = file.storyboard; name = Base; path = Base.lproj/Main.storyboard; sourceTree = "<group>"; };
		D1FD180F1BABFF7B00F89EA0 /* Images.xcassets */ = {isa = PBXFileReference; lastKnownFileType = folder.assetcatalog; path = Images.xcassets; sourceTree = "<group>"; };
		D1FD18121BABFF7B00F89EA0 /* Base */ = {isa = PBXFileReference; lastKnownFileType = file.xib; name = Base; path = Base.lproj/LaunchScreen.xib; sourceTree = "<group>"; };
		D1FD18181BABFF7B00F89EA0 /* AJsimpleParallaxTests.xctest */ = {isa = PBXFileReference; explicitFileType = wrapper.cfbundle; includeInIndex = 0; path = AJsimpleParallaxTests.xctest; sourceTree = BUILT_PRODUCTS_DIR; };
		D1FD181D1BABFF7B00F89EA0 /* Info.plist */ = {isa = PBXFileReference; lastKnownFileType = text.plist.xml; path = Info.plist; sourceTree = "<group>"; };
		D1FD181E1BABFF7B00F89EA0 /* AJsimpleParallaxTests.m */ = {isa = PBXFileReference; lastKnownFileType = sourcecode.c.objc; path = AJsimpleParallaxTests.m; sourceTree = "<group>"; };
		D1FD182D1BAC035900F89EA0 /* AJsimpleParallax.h */ = {isa = PBXFileReference; fileEncoding = 4; lastKnownFileType = sourcecode.c.h; path = AJsimpleParallax.h; sourceTree = "<group>"; };
		D1FD182E1BAC035900F89EA0 /* AJsimpleParallax.m */ = {isa = PBXFileReference; fileEncoding = 4; lastKnownFileType = sourcecode.c.objc; path = AJsimpleParallax.m; sourceTree = "<group>"; };
		D1FD18301BAC083800F89EA0 /* cat.png */ = {isa = PBXFileReference; lastKnownFileType = image.png; path = cat.png; sourceTree = "<group>"; };
/* End PBXFileReference section */

/* Begin PBXFrameworksBuildPhase section */
		D1FD17FC1BABFF7B00F89EA0 /* Frameworks */ = {
			isa = PBXFrameworksBuildPhase;
			buildActionMask = 2147483647;
			files = (
			);
			runOnlyForDeploymentPostprocessing = 0;
		};
		D1FD18151BABFF7B00F89EA0 /* Frameworks */ = {
			isa = PBXFrameworksBuildPhase;
			buildActionMask = 2147483647;
			files = (
			);
			runOnlyForDeploymentPostprocessing = 0;
		};
/* End PBXFrameworksBuildPhase section */

/* Begin PBXGroup section */
		D1FD17F61BABFF7B00F89EA0 = {
			isa = PBXGroup;
			children = (
				D1FD182C1BAC035900F89EA0 /* AJsimpleParallax */,
				D1FD18011BABFF7B00F89EA0 /* AJsimpleParallax */,
				D1FD181B1BABFF7B00F89EA0 /* AJsimpleParallaxTests */,
				D1FD18001BABFF7B00F89EA0 /* Products */,
			);
			sourceTree = "<group>";
		};
		D1FD18001BABFF7B00F89EA0 /* Products */ = {
			isa = PBXGroup;
			children = (
				D1FD17FF1BABFF7B00F89EA0 /* AJsimpleParallax.app */,
				D1FD18181BABFF7B00F89EA0 /* AJsimpleParallaxTests.xctest */,
			);
			name = Products;
			sourceTree = "<group>";
		};
		D1FD18011BABFF7B00F89EA0 /* AJsimpleParallax */ = {
			isa = PBXGroup;
			children = (
				D1FD18301BAC083800F89EA0 /* cat.png */,
				D1FD18061BABFF7B00F89EA0 /* AppDelegate.h */,
				D1FD18071BABFF7B00F89EA0 /* AppDelegate.m */,
				D1FD18091BABFF7B00F89EA0 /* ViewController.h */,
				D1FD180A1BABFF7B00F89EA0 /* ViewController.m */,
				D1FD180C1BABFF7B00F89EA0 /* Main.storyboard */,
				D1FD180F1BABFF7B00F89EA0 /* Images.xcassets */,
				D1FD18111BABFF7B00F89EA0 /* LaunchScreen.xib */,
				D1FD18021BABFF7B00F89EA0 /* Supporting Files */,
			);
			path = AJsimpleParallax;
			sourceTree = "<group>";
		};
		D1FD18021BABFF7B00F89EA0 /* Supporting Files */ = {
			isa = PBXGroup;
			children = (
				D1FD18031BABFF7B00F89EA0 /* Info.plist */,
				D1FD18041BABFF7B00F89EA0 /* main.m */,
			);
			name = "Supporting Files";
			sourceTree = "<group>";
		};
		D1FD181B1BABFF7B00F89EA0 /* AJsimpleParallaxTests */ = {
			isa = PBXGroup;
			children = (
				D1FD181E1BABFF7B00F89EA0 /* AJsimpleParallaxTests.m */,
				D1FD181C1BABFF7B00F89EA0 /* Supporting Files */,
			);
			path = AJsimpleParallaxTests;
			sourceTree = "<group>";
		};
		D1FD181C1BABFF7B00F89EA0 /* Supporting Files */ = {
			isa = PBXGroup;
			children = (
				D1FD181D1BABFF7B00F89EA0 /* Info.plist */,
			);
			name = "Supporting Files";
			sourceTree = "<group>";
		};
		D1FD182C1BAC035900F89EA0 /* AJsimpleParallax */ = {
			isa = PBXGroup;
			children = (
				D1FD182D1BAC035900F89EA0 /* AJsimpleParallax.h */,
				D1FD182E1BAC035900F89EA0 /* AJsimpleParallax.m */,
			);
			name = AJsimpleParallax;
			path = AJsimpleParallax/AJsimpleParallax;
			sourceTree = "<group>";
		};
/* End PBXGroup section */

/* Begin PBXNativeTarget section */
		D1FD17FE1BABFF7B00F89EA0 /* AJsimpleParallax */ = {
			isa = PBXNativeTarget;
			buildConfigurationList = D1FD18221BABFF7B00F89EA0 /* Build configuration list for PBXNativeTarget "AJsimpleParallax" */;
			buildPhases = (
				D1FD17FB1BABFF7B00F89EA0 /* Sources */,
				D1FD17FC1BABFF7B00F89EA0 /* Frameworks */,
				D1FD17FD1BABFF7B00F89EA0 /* Resources */,
			);
			buildRules = (
			);
			dependencies = (
			);
			name = AJsimpleParallax;
			productName = AJsimpleParallax;
			productReference = D1FD17FF1BABFF7B00F89EA0 /* AJsimpleParallax.app */;
			productType = "com.apple.product-type.application";
		};
		D1FD18171BABFF7B00F89EA0 /* AJsimpleParallaxTests */ = {
			isa = PBXNativeTarget;
			buildConfigurationList = D1FD18251BABFF7B00F89EA0 /* Build configuration list for PBXNativeTarget "AJsimpleParallaxTests" */;
			buildPhases = (
				D1FD18141BABFF7B00F89EA0 /* Sources */,
				D1FD18151BABFF7B00F89EA0 /* Frameworks */,
				D1FD18161BABFF7B00F89EA0 /* Resources */,
			);
			buildRules = (
			);
			dependencies = (
				D1FD181A1BABFF7B00F89EA0 /* PBXTargetDependency */,
			);
			name = AJsimpleParallaxTests;
			productName = AJsimpleParallaxTests;
			productReference = D1FD18181BABFF7B00F89EA0 /* AJsimpleParallaxTests.xctest */;
			productType = "com.apple.product-type.bundle.unit-test";
		};
/* End PBXNativeTarget section */

/* Begin PBXProject section */
		D1FD17F71BABFF7B00F89EA0 /* Project object */ = {
			isa = PBXProject;
			attributes = {
				LastUpgradeCheck = 0640;
				ORGANIZATIONNAME = Juicegraph;
				TargetAttributes = {
					D1FD17FE1BABFF7B00F89EA0 = {
						CreatedOnToolsVersion = 6.4;
					};
					D1FD18171BABFF7B00F89EA0 = {
						CreatedOnToolsVersion = 6.4;
						TestTargetID = D1FD17FE1BABFF7B00F89EA0;
					};
				};
			};
			buildConfigurationList = D1FD17FA1BABFF7B00F89EA0 /* Build configuration list for PBXProject "AJsimpleParallax" */;
			compatibilityVersion = "Xcode 3.2";
			developmentRegion = English;
			hasScannedForEncodings = 0;
			knownRegions = (
				en,
				Base,
			);
			mainGroup = D1FD17F61BABFF7B00F89EA0;
			productRefGroup = D1FD18001BABFF7B00F89EA0 /* Products */;
			projectDirPath = "";
			projectRoot = "";
			targets = (
				D1FD17FE1BABFF7B00F89EA0 /* AJsimpleParallax */,
				D1FD18171BABFF7B00F89EA0 /* AJsimpleParallaxTests */,
			);
		};
/* End PBXProject section */

/* Begin PBXResourcesBuildPhase section */
		D1FD17FD1BABFF7B00F89EA0 /* Resources */ = {
			isa = PBXResourcesBuildPhase;
			buildActionMask = 2147483647;
			files = (
				D1FD180E1BABFF7B00F89EA0 /* Main.storyboard in Resources */,
				D1FD18131BABFF7B00F89EA0 /* LaunchScreen.xib in Resources */,
				D1FD18311BAC083800F89EA0 /* cat.png in Resources */,
				D1FD18101BABFF7B00F89EA0 /* Images.xcassets in Resources */,
			);
			runOnlyForDeploymentPostprocessing = 0;
		};
		D1FD18161BABFF7B00F89EA0 /* Resources */ = {
			isa = PBXResourcesBuildPhase;
			buildActionMask = 2147483647;
			files = (
			);
			runOnlyForDeploymentPostprocessing = 0;
		};
/* End PBXResourcesBuildPhase section */

/* Begin PBXSourcesBuildPhase section */
		D1FD17FB1BABFF7B00F89EA0 /* Sources */ = {
			isa = PBXSourcesBuildPhase;
			buildActionMask = 2147483647;
			files = (
				D1FD180B1BABFF7B00F89EA0 /* ViewController.m in Sources */,
				D1FD18081BABFF7B00F89EA0 /* AppDelegate.m in Sources */,
				D1FD18051BABFF7B00F89EA0 /* main.m in Sources */,
				D1FD182F1BAC035900F89EA0 /* AJsimpleParallax.m in Sources */,
			);
			runOnlyForDeploymentPostprocessing = 0;
		};
		D1FD18141BABFF7B00F89EA0 /* Sources */ = {
			isa = PBXSourcesBuildPhase;
			buildActionMask = 2147483647;
			files = (
				D1FD181F1BABFF7B00F89EA0 /* AJsimpleParallaxTests.m in Sources */,
			);
			runOnlyForDeploymentPostprocessing = 0;
		};
/* End PBXSourcesBuildPhase section */

/* Begin PBXTargetDependency section */
		D1FD181A1BABFF7B00F89EA0 /* PBXTargetDependency */ = {
			isa = PBXTargetDependency;
			target = D1FD17FE1BABFF7B00F89EA0 /* AJsimpleParallax */;
			targetProxy = D1FD18191BABFF7B00F89EA0 /* PBXContainerItemProxy */;
		};
/* End PBXTargetDependency section */

/* Begin PBXVariantGroup section */
		D1FD180C1BABFF7B00F89EA0 /* Main.storyboard */ = {
			isa = PBXVariantGroup;
			children = (
				D1FD180D1BABFF7B00F89EA0 /* Base */,
			);
			name = Main.storyboard;
			sourceTree = "<group>";
		};
		D1FD18111BABFF7B00F89EA0 /* LaunchScreen.xib */ = {
			isa = PBXVariantGroup;
			children = (
				D1FD18121BABFF7B00F89EA0 /* Base */,
			);
			name = LaunchScreen.xib;
			sourceTree = "<group>";
		};
/* End PBXVariantGroup section */

/* Begin XCBuildConfiguration section */
		D1FD18201BABFF7B00F89EA0 /* Debug */ = {
			isa = XCBuildConfiguration;
			buildSettings = {
				ALWAYS_SEARCH_USER_PATHS = NO;
				CLANG_CXX_LANGUAGE_STANDARD = "gnu++0x";
				CLANG_CXX_LIBRARY = "libc++";
				CLANG_ENABLE_MODULES = YES;
				CLANG_ENABLE_OBJC_ARC = YES;
				CLANG_WARN_BOOL_CONVERSION = YES;
				CLANG_WARN_CONSTANT_CONVERSION = YES;
				CLANG_WARN_DIRECT_OBJC_ISA_USAGE = YES_ERROR;
				CLANG_WARN_EMPTY_BODY = YES;
				CLANG_WARN_ENUM_CONVERSION = YES;
				CLANG_WARN_INT_CONVERSION = YES;
				CLANG_WARN_OBJC_ROOT_CLASS = YES_ERROR;
				CLANG_WARN_UNREACHABLE_CODE = YES;
				CLANG_WARN__DUPLICATE_METHOD_MATCH = YES;
				"CODE_SIGN_IDENTITY[sdk=iphoneos*]" = "iPhone Developer";
				COPY_PHASE_STRIP = NO;
				DEBUG_INFORMATION_FORMAT = "dwarf-with-dsym";
				ENABLE_STRICT_OBJC_MSGSEND = YES;
				GCC_C_LANGUAGE_STANDARD = gnu99;
				GCC_DYNAMIC_NO_PIC = NO;
				GCC_NO_COMMON_BLOCKS = YES;
				GCC_OPTIMIZATION_LEVEL = 0;
				GCC_PREPROCESSOR_DEFINITIONS = (
					"DEBUG=1",
					"$(inherited)",
				);
				GCC_SYMBOLS_PRIVATE_EXTERN = NO;
				GCC_WARN_64_TO_32_BIT_CONVERSION = YES;
				GCC_WARN_ABOUT_RETURN_TYPE = YES_ERROR;
				GCC_WARN_UNDECLARED_SELECTOR = YES;
				GCC_WARN_UNINITIALIZED_AUTOS = YES_AGGRESSIVE;
				GCC_WARN_UNUSED_FUNCTION = YES;
				GCC_WARN_UNUSED_VARIABLE = YES;
				IPHONEOS_DEPLOYMENT_TARGET = 8.4;
				MTL_ENABLE_DEBUG_INFO = YES;
				ONLY_ACTIVE_ARCH = YES;
				SDKROOT = iphoneos;
				TARGETED_DEVICE_FAMILY = "1,2";
			};
			name = Debug;
		};
		D1FD18211BABFF7B00F89EA0 /* Release */ = {
			isa = XCBuildConfiguration;
			buildSettings = {
				ALWAYS_SEARCH_USER_PATHS = NO;
				CLANG_CXX_LANGUAGE_STANDARD = "gnu++0x";
				CLANG_CXX_LIBRARY = "libc++";
				CLANG_ENABLE_MODULES = YES;
				CLANG_ENABLE_OBJC_ARC = YES;
				CLANG_WARN_BOOL_CONVERSION = YES;
				CLANG_WARN_CONSTANT_CONVERSION = YES;
				CLANG_WARN_DIRECT_OBJC_ISA_USAGE = YES_ERROR;
				CLANG_WARN_EMPTY_BODY = YES;
				CLANG_WARN_ENUM_CONVERSION = YES;
				CLANG_WARN_INT_CONVERSION = YES;
				CLANG_WARN_OBJC_ROOT_CLASS = YES_ERROR;
				CLANG_WARN_UNREACHABLE_CODE = YES;
				CLANG_WARN__DUPLICATE_METHOD_MATCH = YES;
				"CODE_SIGN_IDENTITY[sdk=iphoneos*]" = "iPhone Developer";
				COPY_PHASE_STRIP = NO;
				DEBUG_INFORMATION_FORMAT = "dwarf-with-dsym";
				ENABLE_NS_ASSERTIONS = NO;
				ENABLE_STRICT_OBJC_MSGSEND = YES;
				GCC_C_LANGUAGE_STANDARD = gnu99;
				GCC_NO_COMMON_BLOCKS = YES;
				GCC_WARN_64_TO_32_BIT_CONVERSION = YES;
				GCC_WARN_ABOUT_RETURN_TYPE = YES_ERROR;
				GCC_WARN_UNDECLARED_SELECTOR = YES;
				GCC_WARN_UNINITIALIZED_AUTOS = YES_AGGRESSIVE;
				GCC_WARN_UNUSED_FUNCTION = YES;
				GCC_WARN_UNUSED_VARIABLE = YES;
				IPHONEOS_DEPLOYMENT_TARGET = 8.4;
				MTL_ENABLE_DEBUG_INFO = NO;
				SDKROOT = iphoneos;
				TARGETED_DEVICE_FAMILY = "1,2";
				VALIDATE_PRODUCT = YES;
			};
			name = Release;
		};
		D1FD18231BABFF7B00F89EA0 /* Debug */ = {
			isa = XCBuildConfiguration;
			buildSettings = {
				ASSETCATALOG_COMPILER_APPICON_NAME = AppIcon;
				INFOPLIST_FILE = AJsimpleParallax/Info.plist;
				LD_RUNPATH_SEARCH_PATHS = "$(inherited) @executable_path/Frameworks";
				PRODUCT_NAME = "$(TARGET_NAME)";
			};
			name = Debug;
		};
		D1FD18241BABFF7B00F89EA0 /* Release */ = {
			isa = XCBuildConfiguration;
			buildSettings = {
				ASSETCATALOG_COMPILER_APPICON_NAME = AppIcon;
				INFOPLIST_FILE = AJsimpleParallax/Info.plist;
				LD_RUNPATH_SEARCH_PATHS = "$(inherited) @executable_path/Frameworks";
				PRODUCT_NAME = "$(TARGET_NAME)";
			};
			name = Release;
		};
		D1FD18261BABFF7B00F89EA0 /* Debug */ = {
			isa = XCBuildConfiguration;
			buildSettings = {
				BUNDLE_LOADER = "$(TEST_HOST)";
				FRAMEWORK_SEARCH_PATHS = (
					"$(SDKROOT)/Developer/Library/Frameworks",
					"$(inherited)",
				);
				GCC_PREPROCESSOR_DEFINITIONS = (
					"DEBUG=1",
					"$(inherited)",
				);
				INFOPLIST_FILE = AJsimpleParallaxTests/Info.plist;
				LD_RUNPATH_SEARCH_PATHS = "$(inherited) @executable_path/Frameworks @loader_path/Frameworks";
				PRODUCT_NAME = "$(TARGET_NAME)";
				TEST_HOST = "$(BUILT_PRODUCTS_DIR)/AJsimpleParallax.app/AJsimpleParallax";
			};
			name = Debug;
		};
		D1FD18271BABFF7B00F89EA0 /* Release */ = {
			isa = XCBuildConfiguration;
			buildSettings = {
				BUNDLE_LOADER = "$(TEST_HOST)";
				FRAMEWORK_SEARCH_PATHS = (
					"$(SDKROOT)/Developer/Library/Frameworks",
					"$(inherited)",
				);
				INFOPLIST_FILE = AJsimpleParallaxTests/Info.plist;
				LD_RUNPATH_SEARCH_PATHS = "$(inherited) @executable_path/Frameworks @loader_path/Frameworks";
				PRODUCT_NAME = "$(TARGET_NAME)";
				TEST_HOST = "$(BUILT_PRODUCTS_DIR)/AJsimpleParallax.app/AJsimpleParallax";
			};
			name = Release;
		};
/* End XCBuildConfiguration section */

/* Begin XCConfigurationList section */
		D1FD17FA1BABFF7B00F89EA0 /* Build configuration list for PBXProject "AJsimpleParallax" */ = {
			isa = XCConfigurationList;
			buildConfigurations = (
				D1FD18201BABFF7B00F89EA0 /* Debug */,
				D1FD18211BABFF7B00F89EA0 /* Release */,
			);
			defaultConfigurationIsVisible = 0;
			defaultConfigurationName = Release;
		};
		D1FD18221BABFF7B00F89EA0 /* Build configuration list for PBXNativeTarget "AJsimpleParallax" */ = {
			isa = XCConfigurationList;
			buildConfigurations = (
				D1FD18231BABFF7B00F89EA0 /* Debug */,
				D1FD18241BABFF7B00F89EA0 /* Release */,
			);
			defaultConfigurationIsVisible = 0;
			defaultConfigurationName = Release;
		};
		D1FD18251BABFF7B00F89EA0 /* Build configuration list for PBXNativeTarget "AJsimpleParallaxTests" */ = {
			isa = XCConfigurationList;
			buildConfigurations = (
				D1FD18261BABFF7B00F89EA0 /* Debug */,
				D1FD18271BABFF7B00F89EA0 /* Release */,
			);
			defaultConfigurationIsVisible = 0;
			defaultConfigurationName = Release;
		};
/* End XCConfigurationList section */
	};
	rootObject = D1FD17F71BABFF7B00F89EA0 /* Project object */;
}
